
Microsoft Visual Studio Solution File, Format Version 12.00
# Visual Studio Version 17
VisualStudioVersion = 17.2.32516.85
MinimumVisualStudioVersion = 10.0.40219.1
Project("{FAE04EC0-301F-11D3-BF4B-00C04F79EFBC}") = "otdel_ne", "otdel_ne.csproj", "{0891F288-8A75-4F1B-A9C6-274C691C8C87}"
EndProject
Global
	GlobalSection(SolutionConfigurationPlatforms) = preSolution
		Debug|Any CPU = Debug|Any CPU
		Release|Any CPU = Release|Any CPU
	EndGlobalSection
	GlobalSection(ProjectConfigurationPlatforms) = postSolution
		{0891F288-8A75-4F1B-A9C6-274C691C8C87}.Debug|Any CPU.ActiveCfg = Debug|Any CPU
		{0891F288-8A75-4F1B-A9C6-274C691C8C87}.Debug|Any CPU.Build.0 = Debug|Any CPU
		{0891F288-8A75-4F1B-A9C6-274C691C8C87}.Release|Any CPU.ActiveCfg = Release|Any CPU
		{0891F288-8A75-4F1B-A9C6-274C691C8C87}.Release|Any CPU.Build.0 = Release|Any CPU
	EndGlobalSection
	GlobalSection(SolutionProperties) = preSolution
		HideSolutionNode = FALSE
	EndGlobalSection
	GlobalSection(ExtensibilityGlobals) = postSolution
		SolutionGuid = {6AB84A2B-9DF0-45C3-9762-17526D9AA553}
	EndGlobalSection
EndGlobal
